// !$*UTF8*$!
{
	archiveVersion = 1;
	classes = {
	};
	objectVersion = 46;
	objects = {

/* Begin PBXBuildFile section */
		E36B79471BC2D739009CA0EA /* AppDelegate.swift in Sources */ = {isa = PBXBuildFile; fileRef = E36B79461BC2D739009CA0EA /* AppDelegate.swift */; };
		E36B79491BC2D739009CA0EA /* ViewController.swift in Sources */ = {isa = PBXBuildFile; fileRef = E36B79481BC2D739009CA0EA /* ViewController.swift */; };
		E36B794C1BC2D739009CA0EA /* Main.storyboard in Resources */ = {isa = PBXBuildFile; fileRef = E36B794A1BC2D739009CA0EA /* Main.storyboard */; };
		E36B794E1BC2D739009CA0EA /* Images.xcassets in Resources */ = {isa = PBXBuildFile; fileRef = E36B794D1BC2D739009CA0EA /* Images.xcassets */; };
		E36B79511BC2D739009CA0EA /* LaunchScreen.xib in Resources */ = {isa = PBXBuildFile; fileRef = E36B794F1BC2D739009CA0EA /* LaunchScreen.xib */; };
		E36B795D1BC2D739009CA0EA /* SegmentedControlTests.swift in Sources */ = {isa = PBXBuildFile; fileRef = E36B795C1BC2D739009CA0EA /* SegmentedControlTests.swift */; };
		E391D1211BDBC738004AC200 /* MassViewController.swift in Sources */ = {isa = PBXBuildFile; fileRef = E391D1201BDBC737004AC200 /* MassViewController.swift */; };
		E391D1231BDBC745004AC200 /* TempViewController.swift in Sources */ = {isa = PBXBuildFile; fileRef = E391D1221BDBC745004AC200 /* TempViewController.swift */; };
		E391D1251BDBC754004AC200 /* LengthViewController.swift in Sources */ = {isa = PBXBuildFile; fileRef = E391D1241BDBC754004AC200 /* LengthViewController.swift */; };
		E391D1271BDBCAF5004AC200 /* MainViewController.swift in Sources */ = {isa = PBXBuildFile; fileRef = E391D1261BDBCAF5004AC200 /* MainViewController.swift */; };
		E3E3682C1BCC4E79004ECDB6 /* StringEx.swift in Sources */ = {isa = PBXBuildFile; fileRef = E3E3682B1BCC4E79004ECDB6 /* StringEx.swift */; };
/* End PBXBuildFile section */

/* Begin PBXContainerItemProxy section */
		E36B79571BC2D739009CA0EA /* PBXContainerItemProxy */ = {
			isa = PBXContainerItemProxy;
			containerPortal = E36B79391BC2D738009CA0EA /* Project object */;
			proxyType = 1;
			remoteGlobalIDString = E36B79401BC2D738009CA0EA;
			remoteInfo = SegmentedControl;
		};
/* End PBXContainerItemProxy section */

/* Begin PBXFileReference section */
		E36B79411BC2D739009CA0EA /* SegmentedControl.app */ = {isa = PBXFileReference; explicitFileType = wrapper.application; includeInIndex = 0; path = SegmentedControl.app; sourceTree = BUILT_PRODUCTS_DIR; };
		E36B79451BC2D739009CA0EA /* Info.plist */ = {isa = PBXFileReference; lastKnownFileType = text.plist.xml; path = Info.plist; sourceTree = "<group>"; };
		E36B79461BC2D739009CA0EA /* AppDelegate.swift */ = {isa = PBXFileReference; lastKnownFileType = sourcecode.swift; path = AppDelegate.swift; sourceTree = "<group>"; };
		E36B79481BC2D739009CA0EA /* ViewController.swift */ = {isa = PBXFileReference; lastKnownFileType = sourcecode.swift; path = ViewController.swift; sourceTree = "<group>"; };
		E36B794B1BC2D739009CA0EA /* Base */ = {isa = PBXFileReference; lastKnownFileType = file.storyboard; name = Base; path = Base.lproj/Main.storyboard; sourceTree = "<group>"; };
		E36B794D1BC2D739009CA0EA /* Images.xcassets */ = {isa = PBXFileReference; lastKnownFileType = folder.assetcatalog; path = Images.xcassets; sourceTree = "<group>"; };
		E36B79501BC2D739009CA0EA /* Base */ = {isa = PBXFileReference; lastKnownFileType = file.xib; name = Base; path = Base.lproj/LaunchScreen.xib; sourceTree = "<group>"; };
		E36B79561BC2D739009CA0EA /* SegmentedControlTests.xctest */ = {isa = PBXFileReference; explicitFileType = wrapper.cfbundle; includeInIndex = 0; path = SegmentedControlTests.xctest; sourceTree = BUILT_PRODUCTS_DIR; };
		E36B795B1BC2D739009CA0EA /* Info.plist */ = {isa = PBXFileReference; lastKnownFileType = text.plist.xml; path = Info.plist; sourceTree = "<group>"; };
		E36B795C1BC2D739009CA0EA /* SegmentedControlTests.swift */ = {isa = PBXFileReference; lastKnownFileType = sourcecode.swift; path = SegmentedControlTests.swift; sourceTree = "<group>"; };
		E391D1201BDBC737004AC200 /* MassViewController.swift */ = {isa = PBXFileReference; fileEncoding = 4; lastKnownFileType = sourcecode.swift; path = MassViewController.swift; sourceTree = "<group>"; };
		E391D1221BDBC745004AC200 /* TempViewController.swift */ = {isa = PBXFileReference; fileEncoding = 4; lastKnownFileType = sourcecode.swift; path = TempViewController.swift; sourceTree = "<group>"; };
		E391D1241BDBC754004AC200 /* LengthViewController.swift */ = {isa = PBXFileReference; fileEncoding = 4; lastKnownFileType = sourcecode.swift; path = LengthViewController.swift; sourceTree = "<group>"; };
		E391D1261BDBCAF5004AC200 /* MainViewController.swift */ = {isa = PBXFileReference; fileEncoding = 4; lastKnownFileType = sourcecode.swift; path = MainViewController.swift; sourceTree = "<group>"; };
		E3E3682B1BCC4E79004ECDB6 /* StringEx.swift */ = {isa = PBXFileReference; fileEncoding = 4; lastKnownFileType = sourcecode.swift; name = StringEx.swift; path = ../StringEx.swift; sourceTree = "<group>"; };
/* End PBXFileReference section */

/* Begin PBXFrameworksBuildPhase section */
		E36B793E1BC2D738009CA0EA /* Frameworks */ = {
			isa = PBXFrameworksBuildPhase;
			buildActionMask = 2147483647;
			files = (
			);
			runOnlyForDeploymentPostprocessing = 0;
		};
		E36B79531BC2D739009CA0EA /* Frameworks */ = {
			isa = PBXFrameworksBuildPhase;
			buildActionMask = 2147483647;
			files = (
			);
			runOnlyForDeploymentPostprocessing = 0;
		};
/* End PBXFrameworksBuildPhase section */

/* Begin PBXGroup section */
		E36B79381BC2D738009CA0EA = {
			isa = PBXGroup;
			children = (
				E36B79431BC2D739009CA0EA /* SegmentedControl */,
				E36B79591BC2D739009CA0EA /* SegmentedControlTests */,
				E36B79421BC2D739009CA0EA /* Products */,
			);
			sourceTree = "<group>";
		};
		E36B79421BC2D739009CA0EA /* Products */ = {
			isa = PBXGroup;
			children = (
				E36B79411BC2D739009CA0EA /* SegmentedControl.app */,
				E36B79561BC2D739009CA0EA /* SegmentedControlTests.xctest */,
			);
			name = Products;
			sourceTree = "<group>";
		};
		E36B79431BC2D739009CA0EA /* SegmentedControl */ = {
			isa = PBXGroup;
			children = (
				E36B79461BC2D739009CA0EA /* AppDelegate.swift */,
				E36B79481BC2D739009CA0EA /* ViewController.swift */,
				E36B794A1BC2D739009CA0EA /* Main.storyboard */,
				E391D1261BDBCAF5004AC200 /* MainViewController.swift */,
				E3E3682B1BCC4E79004ECDB6 /* StringEx.swift */,
				E391D1201BDBC737004AC200 /* MassViewController.swift */,
				E391D1221BDBC745004AC200 /* TempViewController.swift */,
				E391D1241BDBC754004AC200 /* LengthViewController.swift */,
				E36B794D1BC2D739009CA0EA /* Images.xcassets */,
				E36B794F1BC2D739009CA0EA /* LaunchScreen.xib */,
				E36B79441BC2D739009CA0EA /* Supporting Files */,
			);
			path = SegmentedControl;
			sourceTree = "<group>";
		};
		E36B79441BC2D739009CA0EA /* Supporting Files */ = {
			isa = PBXGroup;
			children = (
				E36B79451BC2D739009CA0EA /* Info.plist */,
			);
			name = "Supporting Files";
			sourceTree = "<group>";
		};
		E36B79591BC2D739009CA0EA /* SegmentedControlTests */ = {
			isa = PBXGroup;
			children = (
				E36B795C1BC2D739009CA0EA /* SegmentedControlTests.swift */,
				E36B795A1BC2D739009CA0EA /* Supporting Files */,
			);
			path = SegmentedControlTests;
			sourceTree = "<group>";
		};
		E36B795A1BC2D739009CA0EA /* Supporting Files */ = {
			isa = PBXGroup;
			children = (
				E36B795B1BC2D739009CA0EA /* Info.plist */,
			);
			name = "Supporting Files";
			sourceTree = "<group>";
		};
/* End PBXGroup section */

/* Begin PBXNativeTarget section */
		E36B79401BC2D738009CA0EA /* SegmentedControl */ = {
			isa = PBXNativeTarget;
			buildConfigurationList = E36B79601BC2D739009CA0EA /* Build configuration list for PBXNativeTarget "SegmentedControl" */;
			buildPhases = (
				E36B793D1BC2D738009CA0EA /* Sources */,
				E36B793E1BC2D738009CA0EA /* Frameworks */,
				E36B793F1BC2D738009CA0EA /* Resources */,
			);
			buildRules = (
			);
			dependencies = (
			);
			name = SegmentedControl;
			productName = SegmentedControl;
			productReference = E36B79411BC2D739009CA0EA /* SegmentedControl.app */;
			productType = "com.apple.product-type.application";
		};
		E36B79551BC2D739009CA0EA /* SegmentedControlTests */ = {
			isa = PBXNativeTarget;
			buildConfigurationList = E36B79631BC2D739009CA0EA /* Build configuration list for PBXNativeTarget "SegmentedControlTests" */;
			buildPhases = (
				E36B79521BC2D739009CA0EA /* Sources */,
				E36B79531BC2D739009CA0EA /* Frameworks */,
				E36B79541BC2D739009CA0EA /* Resources */,
			);
			buildRules = (
			);
			dependencies = (
				E36B79581BC2D739009CA0EA /* PBXTargetDependency */,
			);
			name = SegmentedControlTests;
			productName = SegmentedControlTests;
			productReference = E36B79561BC2D739009CA0EA /* SegmentedControlTests.xctest */;
			productType = "com.apple.product-type.bundle.unit-test";
		};
/* End PBXNativeTarget section */

/* Begin PBXProject section */
		E36B79391BC2D738009CA0EA /* Project object */ = {
			isa = PBXProject;
			attributes = {
				LastUpgradeCheck = 0630;
				ORGANIZATIONNAME = "Krushank Patel";
				TargetAttributes = {
					E36B79401BC2D738009CA0EA = {
						CreatedOnToolsVersion = 6.3.1;
					};
					E36B79551BC2D739009CA0EA = {
						CreatedOnToolsVersion = 6.3.1;
						TestTargetID = E36B79401BC2D738009CA0EA;
					};
				};
			};
			buildConfigurationList = E36B793C1BC2D738009CA0EA /* Build configuration list for PBXProject "SegmentedControl" */;
			compatibilityVersion = "Xcode 3.2";
			developmentRegion = English;
			hasScannedForEncodings = 0;
			knownRegions = (
				en,
				Base,
			);
			mainGroup = E36B79381BC2D738009CA0EA;
			productRefGroup = E36B79421BC2D739009CA0EA /* Products */;
			projectDirPath = "";
			projectRoot = "";
			targets = (
				E36B79401BC2D738009CA0EA /* SegmentedControl */,
				E36B79551BC2D739009CA0EA /* SegmentedControlTests */,
			);
		};
/* End PBXProject section */

/* Begin PBXResourcesBuildPhase section */
		E36B793F1BC2D738009CA0EA /* Resources */ = {
			isa = PBXResourcesBuildPhase;
			buildActionMask = 2147483647;
			files = (
				E36B794C1BC2D739009CA0EA /* Main.storyboard in Resources */,
				E36B79511BC2D739009CA0EA /* LaunchScreen.xib in Resources */,
				E36B794E1BC2D739009CA0EA /* Images.xcassets in Resources */,
			);
			runOnlyForDeploymentPostprocessing = 0;
		};
		E36B79541BC2D739009CA0EA /* Resources */ = {
			isa = PBXResourcesBuildPhase;
			buildActionMask = 2147483647;
			files = (
			);
			runOnlyForDeploymentPostprocessing = 0;
		};
/* End PBXResourcesBuildPhase section */

/* Begin PBXSourcesBuildPhase section */
		E36B793D1BC2D738009CA0EA /* Sources */ = {
			isa = PBXSourcesBuildPhase;
			buildActionMask = 2147483647;
			files = (
				E391D1271BDBCAF5004AC200 /* MainViewController.swift in Sources */,
				E391D1231BDBC745004AC200 /* TempViewController.swift in Sources */,
				E36B79491BC2D739009CA0EA /* ViewController.swift in Sources */,
				E391D1251BDBC754004AC200 /* LengthViewController.swift in Sources */,
				E36B79471BC2D739009CA0EA /* AppDelegate.swift in Sources */,
				E391D1211BDBC738004AC200 /* MassViewController.swift in Sources */,
				E3E3682C1BCC4E79004ECDB6 /* StringEx.swift in Sources */,
			);
			runOnlyForDeploymentPostprocessing = 0;
		};
		E36B79521BC2D739009CA0EA /* Sources */ = {
			isa = PBXSourcesBuildPhase;
			buildActionMask = 2147483647;
			files = (
				E36B795D1BC2D739009CA0EA /* SegmentedControlTests.swift in Sources */,
			);
			runOnlyForDeploymentPostprocessing = 0;
		};
/* End PBXSourcesBuildPhase section */

/* Begin PBXTargetDependency section */
		E36B79581BC2D739009CA0EA /* PBXTargetDependency */ = {
			isa = PBXTargetDependency;
			target = E36B79401BC2D738009CA0EA /* SegmentedControl */;
			targetProxy = E36B79571BC2D739009CA0EA /* PBXContainerItemProxy */;
		};
/* End PBXTargetDependency section */

/* Begin PBXVariantGroup section */
		E36B794A1BC2D739009CA0EA /* Main.storyboard */ = {
			isa = PBXVariantGroup;
			children = (
				E36B794B1BC2D739009CA0EA /* Base */,
			);
			name = Main.storyboard;
			sourceTree = "<group>";
		};
		E36B794F1BC2D739009CA0EA /* LaunchScreen.xib */ = {
			isa = PBXVariantGroup;
			children = (
				E36B79501BC2D739009CA0EA /* Base */,
			);
			name = LaunchScreen.xib;
			sourceTree = "<group>";
		};
/* End PBXVariantGroup section */

/* Begin XCBuildConfiguration section */
		E36B795E1BC2D739009CA0EA /* Debug */ = {
			isa = XCBuildConfiguration;
			buildSettings = {
				ALWAYS_SEARCH_USER_PATHS = NO;
				CLANG_CXX_LANGUAGE_STANDARD = "gnu++0x";
				CLANG_CXX_LIBRARY = "libc++";
				CLANG_ENABLE_MODULES = YES;
				CLANG_ENABLE_OBJC_ARC = YES;
				CLANG_WARN_BOOL_CONVERSION = YES;
				CLANG_WARN_CONSTANT_CONVERSION = YES;
				CLANG_WARN_DIRECT_OBJC_ISA_USAGE = YES_ERROR;
				CLANG_WARN_EMPTY_BODY = YES;
				CLANG_WARN_ENUM_CONVERSION = YES;
				CLANG_WARN_INT_CONVERSION = YES;
				CLANG_WARN_OBJC_ROOT_CLASS = YES_ERROR;
				CLANG_WARN_UNREACHABLE_CODE = YES;
				CLANG_WARN__DUPLICATE_METHOD_MATCH = YES;
				"CODE_SIGN_IDENTITY[sdk=iphoneos*]" = "iPhone Developer";
				COPY_PHASE_STRIP = NO;
				DEBUG_INFORMATION_FORMAT = "dwarf-with-dsym";
				ENABLE_STRICT_OBJC_MSGSEND = YES;
				GCC_C_LANGUAGE_STANDARD = gnu99;
				GCC_DYNAMIC_NO_PIC = NO;
				GCC_NO_COMMON_BLOCKS = YES;
				GCC_OPTIMIZATION_LEVEL = 0;
				GCC_PREPROCESSOR_DEFINITIONS = (
					"DEBUG=1",
					"$(inherited)",
				);
				GCC_SYMBOLS_PRIVATE_EXTERN = NO;
				GCC_WARN_64_TO_32_BIT_CONVERSION = YES;
				GCC_WARN_ABOUT_RETURN_TYPE = YES_ERROR;
				GCC_WARN_UNDECLARED_SELECTOR = YES;
				GCC_WARN_UNINITIALIZED_AUTOS = YES_AGGRESSIVE;
				GCC_WARN_UNUSED_FUNCTION = YES;
				GCC_WARN_UNUSED_VARIABLE = YES;
				IPHONEOS_DEPLOYMENT_TARGET = 8.3;
				MTL_ENABLE_DEBUG_INFO = YES;
				ONLY_ACTIVE_ARCH = YES;
				SDKROOT = iphoneos;
				SWIFT_OPTIMIZATION_LEVEL = "-Onone";
				TARGETED_DEVICE_FAMILY = "1,2";
			};
			name = Debug;
		};
		E36B795F1BC2D739009CA0EA /* Release */ = {
			isa = XCBuildConfiguration;
			buildSettings = {
				ALWAYS_SEARCH_USER_PATHS = NO;
				CLANG_CXX_LANGUAGE_STANDARD = "gnu++0x";
				CLANG_CXX_LIBRARY = "libc++";
				CLANG_ENABLE_MODULES = YES;
				CLANG_ENABLE_OBJC_ARC = YES;
				CLANG_WARN_BOOL_CONVERSION = YES;
				CLANG_WARN_CONSTANT_CONVERSION = YES;
				CLANG_WARN_DIRECT_OBJC_ISA_USAGE = YES_ERROR;
				CLANG_WARN_EMPTY_BODY = YES;
				CLANG_WARN_ENUM_CONVERSION = YES;
				CLANG_WARN_INT_CONVERSION = YES;
				CLANG_WARN_OBJC_ROOT_CLASS = YES_ERROR;
				CLANG_WARN_UNREACHABLE_CODE = YES;
				CLANG_WARN__DUPLICATE_METHOD_MATCH = YES;
				"CODE_SIGN_IDENTITY[sdk=iphoneos*]" = "iPhone Developer";
				COPY_PHASE_STRIP = NO;
				DEBUG_INFORMATION_FORMAT = "dwarf-with-dsym";
				ENABLE_NS_ASSERTIONS = NO;
				ENABLE_STRICT_OBJC_MSGSEND = YES;
				GCC_C_LANGUAGE_STANDARD = gnu99;
				GCC_NO_COMMON_BLOCKS = YES;
				GCC_WARN_64_TO_32_BIT_CONVERSION = YES;
				GCC_WARN_ABOUT_RETURN_TYPE = YES_ERROR;
				GCC_WARN_UNDECLARED_SELECTOR = YES;
				GCC_WARN_UNINITIALIZED_AUTOS = YES_AGGRESSIVE;
				GCC_WARN_UNUSED_FUNCTION = YES;
				GCC_WARN_UNUSED_VARIABLE = YES;
				IPHONEOS_DEPLOYMENT_TARGET = 8.3;
				MTL_ENABLE_DEBUG_INFO = NO;
				SDKROOT = iphoneos;
				TARGETED_DEVICE_FAMILY = "1,2";
				VALIDATE_PRODUCT = YES;
			};
			name = Release;
		};
		E36B79611BC2D739009CA0EA /* Debug */ = {
			isa = XCBuildConfiguration;
			buildSettings = {
				ASSETCATALOG_COMPILER_APPICON_NAME = AppIcon;
				INFOPLIST_FILE = SegmentedControl/Info.plist;
				IPHONEOS_DEPLOYMENT_TARGET = 8.3;
				LD_RUNPATH_SEARCH_PATHS = "$(inherited) @executable_path/Frameworks";
				PRODUCT_NAME = "$(TARGET_NAME)";
			};
			name = Debug;
		};
		E36B79621BC2D739009CA0EA /* Release */ = {
			isa = XCBuildConfiguration;
			buildSettings = {
				ASSETCATALOG_COMPILER_APPICON_NAME = AppIcon;
				INFOPLIST_FILE = SegmentedControl/Info.plist;
				IPHONEOS_DEPLOYMENT_TARGET = 8.3;
				LD_RUNPATH_SEARCH_PATHS = "$(inherited) @executable_path/Frameworks";
				PRODUCT_NAME = "$(TARGET_NAME)";
			};
			name = Release;
		};
		E36B79641BC2D739009CA0EA /* Debug */ = {
			isa = XCBuildConfiguration;
			buildSettings = {
				BUNDLE_LOADER = "$(TEST_HOST)";
				FRAMEWORK_SEARCH_PATHS = (
					"$(SDKROOT)/Developer/Library/Frameworks",
					"$(inherited)",
				);
				GCC_PREPROCESSOR_DEFINITIONS = (
					"DEBUG=1",
					"$(inherited)",
				);
				INFOPLIST_FILE = SegmentedControlTests/Info.plist;
				LD_RUNPATH_SEARCH_PATHS = "$(inherited) @executable_path/Frameworks @loader_path/Frameworks";
				PRODUCT_NAME = "$(TARGET_NAME)";
				TEST_HOST = "$(BUILT_PRODUCTS_DIR)/SegmentedControl.app/SegmentedControl";
			};
			name = Debug;
		};
		E36B79651BC2D739009CA0EA /* Release */ = {
			isa = XCBuildConfiguration;
			buildSettings = {
				BUNDLE_LOADER = "$(TEST_HOST)";
				FRAMEWORK_SEARCH_PATHS = (
					"$(SDKROOT)/Developer/Library/Frameworks",
					"$(inherited)",
				);
				INFOPLIST_FILE = SegmentedControlTests/Info.plist;
				LD_RUNPATH_SEARCH_PATHS = "$(inherited) @executable_path/Frameworks @loader_path/Frameworks";
				PRODUCT_NAME = "$(TARGET_NAME)";
				TEST_HOST = "$(BUILT_PRODUCTS_DIR)/SegmentedControl.app/SegmentedControl";
			};
			name = Release;
		};
/* End XCBuildConfiguration section */

/* Begin XCConfigurationList section */
		E36B793C1BC2D738009CA0EA /* Build configuration list for PBXProject "SegmentedControl" */ = {
			isa = XCConfigurationList;
			buildConfigurations = (
				E36B795E1BC2D739009CA0EA /* Debug */,
				E36B795F1BC2D739009CA0EA /* Release */,
			);
			defaultConfigurationIsVisible = 0;
			defaultConfigurationName = Release;
		};
		E36B79601BC2D739009CA0EA /* Build configuration list for PBXNativeTarget "SegmentedControl" */ = {
			isa = XCConfigurationList;
			buildConfigurations = (
				E36B79611BC2D739009CA0EA /* Debug */,
				E36B79621BC2D739009CA0EA /* Release */,
			);
			defaultConfigurationIsVisible = 0;
			defaultConfigurationName = Release;
		};
		E36B79631BC2D739009CA0EA /* Build configuration list for PBXNativeTarget "SegmentedControlTests" */ = {
			isa = XCConfigurationList;
			buildConfigurations = (
				E36B79641BC2D739009CA0EA /* Debug */,
				E36B79651BC2D739009CA0EA /* Release */,
			);
			defaultConfigurationIsVisible = 0;
			defaultConfigurationName = Release;
		};
/* End XCConfigurationList section */
	};
	rootObject = E36B79391BC2D738009CA0EA /* Project object */;
}
